
Microsoft Visual Studio Solution File, Format Version 12.00
# Visual Studio Version 17
VisualStudioVersion = 17.11.35327.3
MinimumVisualStudioVersion = 10.0.40219.1
Project("{FAE04EC0-301F-11D3-BF4B-00C04F79EFBC}") = "SatisfactoryLogger", "SatisfactoryLogger\SatisfactoryLogger.csproj", "{F008501C-F43D-4623-8253-C1BB9614E8B6}"
EndProject
Project("{FAE04EC0-301F-11D3-BF4B-00C04F79EFBC}") = "SatisfactoryLogger.Tests", "SatisfactoryLogger.Tests\SatisfactoryLogger.Tests.csproj", "{053C2B94-96EC-4C22-BC27-C300C0A70BB9}"
EndProject
Global
	GlobalSection(SolutionConfigurationPlatforms) = preSolution
		Debug|Any CPU = Debug|Any CPU
		Release|Any CPU = Release|Any CPU
	EndGlobalSection
	GlobalSection(ProjectConfigurationPlatforms) = postSolution
		{F008501C-F43D-4623-8253-C1BB9614E8B6}.Debug|Any CPU.ActiveCfg = Debug|Any CPU
		{F008501C-F43D-4623-8253-C1BB9614E8B6}.Debug|Any CPU.Build.0 = Debug|Any CPU
		{F008501C-F43D-4623-8253-C1BB9614E8B6}.Release|Any CPU.ActiveCfg = Release|Any CPU
		{F008501C-F43D-4623-8253-C1BB9614E8B6}.Release|Any CPU.Build.0 = Release|Any CPU
		{053C2B94-96EC-4C22-BC27-C300C0A70BB9}.Debug|Any CPU.ActiveCfg = Debug|Any CPU
		{053C2B94-96EC-4C22-BC27-C300C0A70BB9}.Debug|Any CPU.Build.0 = Debug|Any CPU
		{053C2B94-96EC-4C22-BC27-C300C0A70BB9}.Release|Any CPU.ActiveCfg = Release|Any CPU
		{053C2B94-96EC-4C22-BC27-C300C0A70BB9}.Release|Any CPU.Build.0 = Release|Any CPU
	EndGlobalSection
	GlobalSection(SolutionProperties) = preSolution
		HideSolutionNode = FALSE
	EndGlobalSection
	GlobalSection(ExtensibilityGlobals) = postSolution
		SolutionGuid = {42603BCB-E0EB-4E1F-975D-39BDD99473CF}
	EndGlobalSection
EndGlobal
